
Microsoft Visual Studio Solution File, Format Version 11.00
# Visual Studio 2010
Project("{8BC9CEB8-8B4A-11D0-8D11-00A0C91BC942}") = "MINX_GEMGAME", "MINX_GEMGAME\MINX_GEMGAME.vcxproj", "{0A8FBE8E-D743-44B4-99D6-EB8472BE962A}"
EndProject
Global
	GlobalSection(SolutionConfigurationPlatforms) = preSolution
		Debug|Win32 = Debug|Win32
		Release|Win32 = Release|Win32
	EndGlobalSection
	GlobalSection(ProjectConfigurationPlatforms) = postSolution
		{0A8FBE8E-D743-44B4-99D6-EB8472BE962A}.Debug|Win32.ActiveCfg = Debug|Win32
		{0A8FBE8E-D743-44B4-99D6-EB8472BE962A}.Debug|Win32.Build.0 = Debug|Win32
		{0A8FBE8E-D743-44B4-99D6-EB8472BE962A}.Release|Win32.ActiveCfg = Release|Win32
		{0A8FBE8E-D743-44B4-99D6-EB8472BE962A}.Release|Win32.Build.0 = Release|Win32
	EndGlobalSection
	GlobalSection(SolutionProperties) = preSolution
		HideSolutionNode = FALSE
	EndGlobalSection
EndGlobal
